// !$*UTF8*$!
{
	archiveVersion = 1;
	classes = {
	};
	objectVersion = 46;
	objects = {

/* Begin PBXBuildFile section */
		0F7B868F777525EC68D76B4C /* Pods_ReactiveCocoaProj.framework in Frameworks */ = {isa = PBXBuildFile; fileRef = E0704B9D92418B737A4BFEA8 /* Pods_ReactiveCocoaProj.framework */; };
		87085DA61F7DC61B009065C8 /* main.m in Sources */ = {isa = PBXBuildFile; fileRef = 87085DA51F7DC61B009065C8 /* main.m */; };
		87085DA91F7DC61B009065C8 /* AppDelegate.m in Sources */ = {isa = PBXBuildFile; fileRef = 87085DA81F7DC61B009065C8 /* AppDelegate.m */; };
		87085DAC1F7DC61B009065C8 /* ViewController.m in Sources */ = {isa = PBXBuildFile; fileRef = 87085DAB1F7DC61B009065C8 /* ViewController.m */; };
		87085DAF1F7DC61B009065C8 /* Main.storyboard in Resources */ = {isa = PBXBuildFile; fileRef = 87085DAD1F7DC61B009065C8 /* Main.storyboard */; };
		87085DB11F7DC61B009065C8 /* Assets.xcassets in Resources */ = {isa = PBXBuildFile; fileRef = 87085DB01F7DC61B009065C8 /* Assets.xcassets */; };
		87085DB41F7DC61B009065C8 /* LaunchScreen.storyboard in Resources */ = {isa = PBXBuildFile; fileRef = 87085DB21F7DC61B009065C8 /* LaunchScreen.storyboard */; };
		87085DBC1F7DC70E009065C8 /* ReactiveCocoa.framework in Frameworks */ = {isa = PBXBuildFile; fileRef = 87085DBB1F7DC70E009065C8 /* ReactiveCocoa.framework */; };
		87085DC81F7F1981009065C8 /* NavigationController.m in Sources */ = {isa = PBXBuildFile; fileRef = 87085DC71F7F1981009065C8 /* NavigationController.m */; };
		87085DCB1F7F19B6009065C8 /* SUHomeVC.m in Sources */ = {isa = PBXBuildFile; fileRef = 87085DCA1F7F19B6009065C8 /* SUHomeVC.m */; };
		87085DCE1F7F1A17009065C8 /* SUItem.m in Sources */ = {isa = PBXBuildFile; fileRef = 87085DCD1F7F1A17009065C8 /* SUItem.m */; };
		87085DD11F7F1AA7009065C8 /* SUGoHorseLampView.m in Sources */ = {isa = PBXBuildFile; fileRef = 87085DD01F7F1AA7009065C8 /* SUGoHorseLampView.m */; };
		87085DD41F7F1B45009065C8 /* SUGoHorseLampViewModel.m in Sources */ = {isa = PBXBuildFile; fileRef = 87085DD31F7F1B45009065C8 /* SUGoHorseLampViewModel.m */; };
		87085DD71F7F1D91009065C8 /* SUTableViewCell.m in Sources */ = {isa = PBXBuildFile; fileRef = 87085DD61F7F1D91009065C8 /* SUTableViewCell.m */; };
		87085DDD1F85C7CE009065C8 /* SUCommodityItem.m in Sources */ = {isa = PBXBuildFile; fileRef = 87085DDC1F85C7CE009065C8 /* SUCommodityItem.m */; };
		87085DE01F85DC02009065C8 /* SUGoodsItem.m in Sources */ = {isa = PBXBuildFile; fileRef = 87085DDF1F85DC02009065C8 /* SUGoodsItem.m */; };
		87085DE41F85DC8B009065C8 /* SUImageManager.m in Sources */ = {isa = PBXBuildFile; fileRef = 87085DE31F85DC8B009065C8 /* SUImageManager.m */; };
		87085DEA1F866E99009065C8 /* SUGoHorseLampCell.m in Sources */ = {isa = PBXBuildFile; fileRef = 87085DE91F866E99009065C8 /* SUGoHorseLampCell.m */; };
		872D10D31F925BA300A293FA /* TransitionManager.m in Sources */ = {isa = PBXBuildFile; fileRef = 872D10D21F925BA300A293FA /* TransitionManager.m */; };
		872D10D61F9261D600A293FA /* Animator.m in Sources */ = {isa = PBXBuildFile; fileRef = 872D10D51F9261D600A293FA /* Animator.m */; };
		872D10D81F94D7C600A293FA /* cover.jpg in Resources */ = {isa = PBXBuildFile; fileRef = 872D10D71F94D7C600A293FA /* cover.jpg */; };
		872D10DD1F94DC7F00A293FA /* Images.xcassets in Resources */ = {isa = PBXBuildFile; fileRef = 872D10DC1F94DC7F00A293FA /* Images.xcassets */; };
		872D10DF1F94DFE800A293FA /* cover2.jpg in Resources */ = {isa = PBXBuildFile; fileRef = 872D10DE1F94DFE800A293FA /* cover2.jpg */; };
		872D10E11F94E0E000A293FA /* 750_1334.jpg in Resources */ = {isa = PBXBuildFile; fileRef = 872D10E01F94E0E000A293FA /* 750_1334.jpg */; };
		872D10E31F94E14D00A293FA /* 1242_2208.jpg in Resources */ = {isa = PBXBuildFile; fileRef = 872D10E21F94E14C00A293FA /* 1242_2208.jpg */; };
		872D10E51F94E3FB00A293FA /* 640_1136.jpeg in Resources */ = {isa = PBXBuildFile; fileRef = 872D10E41F94E3FB00A293FA /* 640_1136.jpeg */; };
		8793B2C51F94EE14006DDC24 /* AdVC.m in Sources */ = {isa = PBXBuildFile; fileRef = 8793B2C41F94EE14006DDC24 /* AdVC.m */; };
		8793B2C71F94F234006DDC24 /* LaunchImage.png in Resources */ = {isa = PBXBuildFile; fileRef = 8793B2C61F94F234006DDC24 /* LaunchImage.png */; };
		8793B2C91F94F438006DDC24 /* jhht.jpg in Resources */ = {isa = PBXBuildFile; fileRef = 8793B2C81F94F438006DDC24 /* jhht.jpg */; };
		8793B2CC1F95810C006DDC24 /* MusicVC.m in Sources */ = {isa = PBXBuildFile; fileRef = 8793B2CB1F95810C006DDC24 /* MusicVC.m */; };
		8793B2CF1F95811D006DDC24 /* VideoVC.m in Sources */ = {isa = PBXBuildFile; fileRef = 8793B2CE1F95811D006DDC24 /* VideoVC.m */; };
		8793B2D21F95812F006DDC24 /* RadioVC.m in Sources */ = {isa = PBXBuildFile; fileRef = 8793B2D11F95812F006DDC24 /* RadioVC.m */; };
		8793B2D51F95820E006DDC24 /* SUCollectionViewCell.m in Sources */ = {isa = PBXBuildFile; fileRef = 8793B2D41F95820E006DDC24 /* SUCollectionViewCell.m */; };
		87DD37FA1F9200020006C289 /* UIImage+Size.m in Sources */ = {isa = PBXBuildFile; fileRef = 87DD37F91F9200020006C289 /* UIImage+Size.m */; };
		87DD38001F9208A80006C289 /* generic_img.png in Resources */ = {isa = PBXBuildFile; fileRef = 87DD37FF1F9208A70006C289 /* generic_img.png */; };
		87DD38021F92150B0006C289 /* image.png in Resources */ = {isa = PBXBuildFile; fileRef = 87DD38011F92150B0006C289 /* image.png */; };
		87EF34CC1F96D26900B913F1 /* Layout.m in Sources */ = {isa = PBXBuildFile; fileRef = 87EF34CB1F96D26900B913F1 /* Layout.m */; };
/* End PBXBuildFile section */

/* Begin PBXFileReference section */
		87085DA11F7DC61B009065C8 /* ReactiveCocoaProj.app */ = {isa = PBXFileReference; explicitFileType = wrapper.application; includeInIndex = 0; path = ReactiveCocoaProj.app; sourceTree = BUILT_PRODUCTS_DIR; };
		87085DA51F7DC61B009065C8 /* main.m */ = {isa = PBXFileReference; lastKnownFileType = sourcecode.c.objc; path = main.m; sourceTree = "<group>"; };
		87085DA71F7DC61B009065C8 /* AppDelegate.h */ = {isa = PBXFileReference; lastKnownFileType = sourcecode.c.h; path = AppDelegate.h; sourceTree = "<group>"; };
		87085DA81F7DC61B009065C8 /* AppDelegate.m */ = {isa = PBXFileReference; lastKnownFileType = sourcecode.c.objc; path = AppDelegate.m; sourceTree = "<group>"; };
		87085DAA1F7DC61B009065C8 /* ViewController.h */ = {isa = PBXFileReference; lastKnownFileType = sourcecode.c.h; path = ViewController.h; sourceTree = "<group>"; };
		87085DAB1F7DC61B009065C8 /* ViewController.m */ = {isa = PBXFileReference; lastKnownFileType = sourcecode.c.objc; path = ViewController.m; sourceTree = "<group>"; };
		87085DAE1F7DC61B009065C8 /* Base */ = {isa = PBXFileReference; lastKnownFileType = file.storyboard; name = Base; path = Base.lproj/Main.storyboard; sourceTree = "<group>"; };
		87085DB01F7DC61B009065C8 /* Assets.xcassets */ = {isa = PBXFileReference; lastKnownFileType = folder.assetcatalog; path = Assets.xcassets; sourceTree = "<group>"; };
		87085DB31F7DC61B009065C8 /* Base */ = {isa = PBXFileReference; lastKnownFileType = file.storyboard; name = Base; path = Base.lproj/LaunchScreen.storyboard; sourceTree = "<group>"; };
		87085DB51F7DC61B009065C8 /* Info.plist */ = {isa = PBXFileReference; lastKnownFileType = text.plist.xml; path = Info.plist; sourceTree = "<group>"; };
		87085DBB1F7DC70E009065C8 /* ReactiveCocoa.framework */ = {isa = PBXFileReference; lastKnownFileType = wrapper.framework; name = ReactiveCocoa.framework; path = "Pods/../build/Debug-iphoneos/ReactiveCocoa/ReactiveCocoa.framework"; sourceTree = "<group>"; };
		87085DC61F7F1981009065C8 /* NavigationController.h */ = {isa = PBXFileReference; fileEncoding = 4; lastKnownFileType = sourcecode.c.h; path = NavigationController.h; sourceTree = "<group>"; };
		87085DC71F7F1981009065C8 /* NavigationController.m */ = {isa = PBXFileReference; fileEncoding = 4; lastKnownFileType = sourcecode.c.objc; path = NavigationController.m; sourceTree = "<group>"; };
		87085DC91F7F19B5009065C8 /* SUHomeVC.h */ = {isa = PBXFileReference; fileEncoding = 4; lastKnownFileType = sourcecode.c.h; path = SUHomeVC.h; sourceTree = "<group>"; };
		87085DCA1F7F19B6009065C8 /* SUHomeVC.m */ = {isa = PBXFileReference; fileEncoding = 4; lastKnownFileType = sourcecode.c.objc; path = SUHomeVC.m; sourceTree = "<group>"; };
		87085DCC1F7F1A17009065C8 /* SUItem.h */ = {isa = PBXFileReference; fileEncoding = 4; lastKnownFileType = sourcecode.c.h; path = SUItem.h; sourceTree = "<group>"; };
		87085DCD1F7F1A17009065C8 /* SUItem.m */ = {isa = PBXFileReference; fileEncoding = 4; lastKnownFileType = sourcecode.c.objc; path = SUItem.m; sourceTree = "<group>"; };
		87085DCF1F7F1AA7009065C8 /* SUGoHorseLampView.h */ = {isa = PBXFileReference; fileEncoding = 4; lastKnownFileType = sourcecode.c.h; path = SUGoHorseLampView.h; sourceTree = "<group>"; };
		87085DD01F7F1AA7009065C8 /* SUGoHorseLampView.m */ = {isa = PBXFileReference; fileEncoding = 4; lastKnownFileType = sourcecode.c.objc; path = SUGoHorseLampView.m; sourceTree = "<group>"; };
		87085DD21F7F1B45009065C8 /* SUGoHorseLampViewModel.h */ = {isa = PBXFileReference; fileEncoding = 4; lastKnownFileType = sourcecode.c.h; path = SUGoHorseLampViewModel.h; sourceTree = "<group>"; };
		87085DD31F7F1B45009065C8 /* SUGoHorseLampViewModel.m */ = {isa = PBXFileReference; fileEncoding = 4; lastKnownFileType = sourcecode.c.objc; path = SUGoHorseLampViewModel.m; sourceTree = "<group>"; };
		87085DD51F7F1D91009065C8 /* SUTableViewCell.h */ = {isa = PBXFileReference; fileEncoding = 4; lastKnownFileType = sourcecode.c.h; path = SUTableViewCell.h; sourceTree = "<group>"; };
		87085DD61F7F1D91009065C8 /* SUTableViewCell.m */ = {isa = PBXFileReference; fileEncoding = 4; lastKnownFileType = sourcecode.c.objc; path = SUTableViewCell.m; sourceTree = "<group>"; };
		87085DDB1F85C7CE009065C8 /* SUCommodityItem.h */ = {isa = PBXFileReference; fileEncoding = 4; lastKnownFileType = sourcecode.c.h; path = SUCommodityItem.h; sourceTree = "<group>"; };
		87085DDC1F85C7CE009065C8 /* SUCommodityItem.m */ = {isa = PBXFileReference; fileEncoding = 4; lastKnownFileType = sourcecode.c.objc; path = SUCommodityItem.m; sourceTree = "<group>"; };
		87085DDE1F85DC02009065C8 /* SUGoodsItem.h */ = {isa = PBXFileReference; fileEncoding = 4; lastKnownFileType = sourcecode.c.h; path = SUGoodsItem.h; sourceTree = "<group>"; };
		87085DDF1F85DC02009065C8 /* SUGoodsItem.m */ = {isa = PBXFileReference; fileEncoding = 4; lastKnownFileType = sourcecode.c.objc; path = SUGoodsItem.m; sourceTree = "<group>"; };
		87085DE21F85DC8B009065C8 /* SUImageManager.h */ = {isa = PBXFileReference; fileEncoding = 4; lastKnownFileType = sourcecode.c.h; path = SUImageManager.h; sourceTree = "<group>"; };
		87085DE31F85DC8B009065C8 /* SUImageManager.m */ = {isa = PBXFileReference; fileEncoding = 4; lastKnownFileType = sourcecode.c.objc; path = SUImageManager.m; sourceTree = "<group>"; };
		87085DE81F866E99009065C8 /* SUGoHorseLampCell.h */ = {isa = PBXFileReference; fileEncoding = 4; lastKnownFileType = sourcecode.c.h; path = SUGoHorseLampCell.h; sourceTree = "<group>"; };
		87085DE91F866E99009065C8 /* SUGoHorseLampCell.m */ = {isa = PBXFileReference; fileEncoding = 4; lastKnownFileType = sourcecode.c.objc; path = SUGoHorseLampCell.m; sourceTree = "<group>"; };
		87085DEB1F867862009065C8 /* Macros.h */ = {isa = PBXFileReference; fileEncoding = 4; lastKnownFileType = sourcecode.c.h; path = Macros.h; sourceTree = "<group>"; };
		872D10D11F925BA300A293FA /* TransitionManager.h */ = {isa = PBXFileReference; lastKnownFileType = sourcecode.c.h; path = TransitionManager.h; sourceTree = "<group>"; };
		872D10D21F925BA300A293FA /* TransitionManager.m */ = {isa = PBXFileReference; lastKnownFileType = sourcecode.c.objc; path = TransitionManager.m; sourceTree = "<group>"; };
		872D10D41F9261D600A293FA /* Animator.h */ = {isa = PBXFileReference; lastKnownFileType = sourcecode.c.h; path = Animator.h; sourceTree = "<group>"; };
		872D10D51F9261D600A293FA /* Animator.m */ = {isa = PBXFileReference; lastKnownFileType = sourcecode.c.objc; path = Animator.m; sourceTree = "<group>"; };
		872D10D71F94D7C600A293FA /* cover.jpg */ = {isa = PBXFileReference; lastKnownFileType = image.jpeg; path = cover.jpg; sourceTree = "<group>"; };
		872D10DC1F94DC7F00A293FA /* Images.xcassets */ = {isa = PBXFileReference; lastKnownFileType = folder.assetcatalog; path = Images.xcassets; sourceTree = "<group>"; };
		872D10DE1F94DFE800A293FA /* cover2.jpg */ = {isa = PBXFileReference; lastKnownFileType = image.jpeg; path = cover2.jpg; sourceTree = "<group>"; };
		872D10E01F94E0E000A293FA /* 750_1334.jpg */ = {isa = PBXFileReference; lastKnownFileType = image.jpeg; path = 750_1334.jpg; sourceTree = "<group>"; };
		872D10E21F94E14C00A293FA /* 1242_2208.jpg */ = {isa = PBXFileReference; lastKnownFileType = image.jpeg; path = 1242_2208.jpg; sourceTree = "<group>"; };
		872D10E41F94E3FB00A293FA /* 640_1136.jpeg */ = {isa = PBXFileReference; lastKnownFileType = image.jpeg; path = 640_1136.jpeg; sourceTree = "<group>"; };
		8793B2C31F94EE14006DDC24 /* AdVC.h */ = {isa = PBXFileReference; lastKnownFileType = sourcecode.c.h; path = AdVC.h; sourceTree = "<group>"; };
		8793B2C41F94EE14006DDC24 /* AdVC.m */ = {isa = PBXFileReference; lastKnownFileType = sourcecode.c.objc; path = AdVC.m; sourceTree = "<group>"; };
		8793B2C61F94F234006DDC24 /* LaunchImage.png */ = {isa = PBXFileReference; lastKnownFileType = image.png; path = LaunchImage.png; sourceTree = "<group>"; };
		8793B2C81F94F438006DDC24 /* jhht.jpg */ = {isa = PBXFileReference; lastKnownFileType = image.jpeg; path = jhht.jpg; sourceTree = "<group>"; };
		8793B2CA1F95810C006DDC24 /* MusicVC.h */ = {isa = PBXFileReference; lastKnownFileType = sourcecode.c.h; path = MusicVC.h; sourceTree = "<group>"; };
		8793B2CB1F95810C006DDC24 /* MusicVC.m */ = {isa = PBXFileReference; lastKnownFileType = sourcecode.c.objc; path = MusicVC.m; sourceTree = "<group>"; };
		8793B2CD1F95811D006DDC24 /* VideoVC.h */ = {isa = PBXFileReference; lastKnownFileType = sourcecode.c.h; path = VideoVC.h; sourceTree = "<group>"; };
		8793B2CE1F95811D006DDC24 /* VideoVC.m */ = {isa = PBXFileReference; lastKnownFileType = sourcecode.c.objc; path = VideoVC.m; sourceTree = "<group>"; };
		8793B2D01F95812F006DDC24 /* RadioVC.h */ = {isa = PBXFileReference; lastKnownFileType = sourcecode.c.h; path = RadioVC.h; sourceTree = "<group>"; };
		8793B2D11F95812F006DDC24 /* RadioVC.m */ = {isa = PBXFileReference; lastKnownFileType = sourcecode.c.objc; path = RadioVC.m; sourceTree = "<group>"; };
		8793B2D31F95820E006DDC24 /* SUCollectionViewCell.h */ = {isa = PBXFileReference; lastKnownFileType = sourcecode.c.h; path = SUCollectionViewCell.h; sourceTree = "<group>"; };
		8793B2D41F95820E006DDC24 /* SUCollectionViewCell.m */ = {isa = PBXFileReference; lastKnownFileType = sourcecode.c.objc; path = SUCollectionViewCell.m; sourceTree = "<group>"; };
		87DD37F81F9200010006C289 /* UIImage+Size.h */ = {isa = PBXFileReference; lastKnownFileType = sourcecode.c.h; path = "UIImage+Size.h"; sourceTree = "<group>"; };
		87DD37F91F9200020006C289 /* UIImage+Size.m */ = {isa = PBXFileReference; lastKnownFileType = sourcecode.c.objc; path = "UIImage+Size.m"; sourceTree = "<group>"; };
		87DD37FD1F9206E10006C289 /* home_tab_normal.png */ = {isa = PBXFileReference; lastKnownFileType = image.png; path = home_tab_normal.png; sourceTree = "<group>"; };
		87DD37FE1F9206E10006C289 /* home_tab_selected.png */ = {isa = PBXFileReference; lastKnownFileType = image.png; path = home_tab_selected.png; sourceTree = "<group>"; };
		87DD37FF1F9208A70006C289 /* generic_img.png */ = {isa = PBXFileReference; lastKnownFileType = image.png; path = generic_img.png; sourceTree = "<group>"; };
		87DD38011F92150B0006C289 /* image.png */ = {isa = PBXFileReference; lastKnownFileType = image.png; path = image.png; sourceTree = "<group>"; };
		87EF34CA1F96D26900B913F1 /* Layout.h */ = {isa = PBXFileReference; lastKnownFileType = sourcecode.c.h; path = Layout.h; sourceTree = "<group>"; };
		87EF34CB1F96D26900B913F1 /* Layout.m */ = {isa = PBXFileReference; lastKnownFileType = sourcecode.c.objc; path = Layout.m; sourceTree = "<group>"; };
		8C5B51C6115F848A5FB3EF13 /* Pods-ReactiveCocoaProj.release.xcconfig */ = {isa = PBXFileReference; includeInIndex = 1; lastKnownFileType = text.xcconfig; name = "Pods-ReactiveCocoaProj.release.xcconfig"; path = "Pods/Target Support Files/Pods-ReactiveCocoaProj/Pods-ReactiveCocoaProj.release.xcconfig"; sourceTree = "<group>"; };
		B5463F38F7745AAB909399B3 /* Pods-ReactiveCocoaProj.debug.xcconfig */ = {isa = PBXFileReference; includeInIndex = 1; lastKnownFileType = text.xcconfig; name = "Pods-ReactiveCocoaProj.debug.xcconfig"; path = "Pods/Target Support Files/Pods-ReactiveCocoaProj/Pods-ReactiveCocoaProj.debug.xcconfig"; sourceTree = "<group>"; };
		E0704B9D92418B737A4BFEA8 /* Pods_ReactiveCocoaProj.framework */ = {isa = PBXFileReference; explicitFileType = wrapper.framework; includeInIndex = 0; path = Pods_ReactiveCocoaProj.framework; sourceTree = BUILT_PRODUCTS_DIR; };
/* End PBXFileReference section */

/* Begin PBXFrameworksBuildPhase section */
		87085D9E1F7DC61B009065C8 /* Frameworks */ = {
			isa = PBXFrameworksBuildPhase;
			buildActionMask = 2147483647;
			files = (
				87085DBC1F7DC70E009065C8 /* ReactiveCocoa.framework in Frameworks */,
				0F7B868F777525EC68D76B4C /* Pods_ReactiveCocoaProj.framework in Frameworks */,
			);
			runOnlyForDeploymentPostprocessing = 0;
		};
/* End PBXFrameworksBuildPhase section */

/* Begin PBXGroup section */
		2998BED500EC765D687D82C9 /* Frameworks */ = {
			isa = PBXGroup;
			children = (
				87085DBB1F7DC70E009065C8 /* ReactiveCocoa.framework */,
				E0704B9D92418B737A4BFEA8 /* Pods_ReactiveCocoaProj.framework */,
			);
			name = Frameworks;
			sourceTree = "<group>";
		};
		3D4FC549A57A803F76C0A51A /* Pods */ = {
			isa = PBXGroup;
			children = (
				B5463F38F7745AAB909399B3 /* Pods-ReactiveCocoaProj.debug.xcconfig */,
				8C5B51C6115F848A5FB3EF13 /* Pods-ReactiveCocoaProj.release.xcconfig */,
			);
			name = Pods;
			sourceTree = "<group>";
		};
		87085D981F7DC61B009065C8 = {
			isa = PBXGroup;
			children = (
				87085DA31F7DC61B009065C8 /* ReactiveCocoaProj */,
				87085DA21F7DC61B009065C8 /* Products */,
				3D4FC549A57A803F76C0A51A /* Pods */,
				2998BED500EC765D687D82C9 /* Frameworks */,
			);
			sourceTree = "<group>";
		};
		87085DA21F7DC61B009065C8 /* Products */ = {
			isa = PBXGroup;
			children = (
				87085DA11F7DC61B009065C8 /* ReactiveCocoaProj.app */,
			);
			name = Products;
			sourceTree = "<group>";
		};
		87085DA31F7DC61B009065C8 /* ReactiveCocoaProj */ = {
			isa = PBXGroup;
			children = (
				87085DE11F85DC68009065C8 /* Helper */,
				87085DBD1F7DC79D009065C8 /* Sections */,
				87085DA71F7DC61B009065C8 /* AppDelegate.h */,
				87085DA81F7DC61B009065C8 /* AppDelegate.m */,
				87085DAA1F7DC61B009065C8 /* ViewController.h */,
				87085DAB1F7DC61B009065C8 /* ViewController.m */,
				87085DAD1F7DC61B009065C8 /* Main.storyboard */,
				87085DB21F7DC61B009065C8 /* LaunchScreen.storyboard */,
				87085DB51F7DC61B009065C8 /* Info.plist */,
				872D10DC1F94DC7F00A293FA /* Images.xcassets */,
				87085DA41F7DC61B009065C8 /* Supporting Files */,
			);
			path = ReactiveCocoaProj;
			sourceTree = "<group>";
		};
		87085DA41F7DC61B009065C8 /* Supporting Files */ = {
			isa = PBXGroup;
			children = (
				87085DB01F7DC61B009065C8 /* Assets.xcassets */,
				87085DC31F7DC7CE009065C8 /* Resource */,
				87085DA51F7DC61B009065C8 /* main.m */,
			);
			name = "Supporting Files";
			sourceTree = "<group>";
		};
		87085DBD1F7DC79D009065C8 /* Sections */ = {
			isa = PBXGroup;
			children = (
				8793B2C21F94EDDC006DDC24 /* Ads */,
				87085DBE1F7DC79D009065C8 /* Home */,
			);
			path = Sections;
			sourceTree = "<group>";
		};
		87085DBE1F7DC79D009065C8 /* Home */ = {
			isa = PBXGroup;
			children = (
				87085DBF1F7DC79D009065C8 /* Controller */,
				87085DC01F7DC79D009065C8 /* Model */,
				87085DC11F7DC79D009065C8 /* View */,
				87085DC21F7DC79D009065C8 /* ViewModel */,
			);
			path = Home;
			sourceTree = "<group>";
		};
		87085DBF1F7DC79D009065C8 /* Controller */ = {
			isa = PBXGroup;
			children = (
				87085DC61F7F1981009065C8 /* NavigationController.h */,
				87085DC71F7F1981009065C8 /* NavigationController.m */,
				87085DC91F7F19B5009065C8 /* SUHomeVC.h */,
				87085DCA1F7F19B6009065C8 /* SUHomeVC.m */,
				8793B2CA1F95810C006DDC24 /* MusicVC.h */,
				8793B2CB1F95810C006DDC24 /* MusicVC.m */,
				8793B2CD1F95811D006DDC24 /* VideoVC.h */,
				8793B2CE1F95811D006DDC24 /* VideoVC.m */,
				8793B2D01F95812F006DDC24 /* RadioVC.h */,
				8793B2D11F95812F006DDC24 /* RadioVC.m */,
			);
			path = Controller;
			sourceTree = "<group>";
		};
		87085DC01F7DC79D009065C8 /* Model */ = {
			isa = PBXGroup;
			children = (
				87085DCC1F7F1A17009065C8 /* SUItem.h */,
				87085DCD1F7F1A17009065C8 /* SUItem.m */,
				87085DDE1F85DC02009065C8 /* SUGoodsItem.h */,
				87085DDF1F85DC02009065C8 /* SUGoodsItem.m */,
				87085DDB1F85C7CE009065C8 /* SUCommodityItem.h */,
				87085DDC1F85C7CE009065C8 /* SUCommodityItem.m */,
				87EF34CA1F96D26900B913F1 /* Layout.h */,
				87EF34CB1F96D26900B913F1 /* Layout.m */,
			);
			path = Model;
			sourceTree = "<group>";
		};
		87085DC11F7DC79D009065C8 /* View */ = {
			isa = PBXGroup;
			children = (
				87085DD51F7F1D91009065C8 /* SUTableViewCell.h */,
				87085DD61F7F1D91009065C8 /* SUTableViewCell.m */,
				87085DE81F866E99009065C8 /* SUGoHorseLampCell.h */,
				87085DE91F866E99009065C8 /* SUGoHorseLampCell.m */,
				87085DCF1F7F1AA7009065C8 /* SUGoHorseLampView.h */,
				87085DD01F7F1AA7009065C8 /* SUGoHorseLampView.m */,
				8793B2D31F95820E006DDC24 /* SUCollectionViewCell.h */,
				8793B2D41F95820E006DDC24 /* SUCollectionViewCell.m */,
			);
			path = View;
			sourceTree = "<group>";
		};
		87085DC21F7DC79D009065C8 /* ViewModel */ = {
			isa = PBXGroup;
			children = (
				87085DD21F7F1B45009065C8 /* SUGoHorseLampViewModel.h */,
				87085DD31F7F1B45009065C8 /* SUGoHorseLampViewModel.m */,
			);
			path = ViewModel;
			sourceTree = "<group>";
		};
		87085DC31F7DC7CE009065C8 /* Resource */ = {
			isa = PBXGroup;
			children = (
				87085DC41F7DC7CE009065C8 /* image */,
				87085DC51F7DC7CE009065C8 /* video */,
			);
			path = Resource;
			sourceTree = "<group>";
		};
		87085DC41F7DC7CE009065C8 /* image */ = {
			isa = PBXGroup;
			children = (
				8793B2C81F94F438006DDC24 /* jhht.jpg */,
				8793B2C61F94F234006DDC24 /* LaunchImage.png */,
				872D10E41F94E3FB00A293FA /* 640_1136.jpeg */,
				872D10E21F94E14C00A293FA /* 1242_2208.jpg */,
				872D10E01F94E0E000A293FA /* 750_1334.jpg */,
				872D10DE1F94DFE800A293FA /* cover2.jpg */,
				87DD37FD1F9206E10006C289 /* home_tab_normal.png */,
				87DD37FE1F9206E10006C289 /* home_tab_selected.png */,
				872D10D71F94D7C600A293FA /* cover.jpg */,
				87DD38011F92150B0006C289 /* image.png */,
				87DD37FF1F9208A70006C289 /* generic_img.png */,
			);
			path = image;
			sourceTree = "<group>";
		};
		87085DC51F7DC7CE009065C8 /* video */ = {
			isa = PBXGroup;
			children = (
			);
			path = video;
			sourceTree = "<group>";
		};
		87085DE11F85DC68009065C8 /* Helper */ = {
			isa = PBXGroup;
			children = (
				87DD37F81F9200010006C289 /* UIImage+Size.h */,
				87DD37F91F9200020006C289 /* UIImage+Size.m */,
				87085DEB1F867862009065C8 /* Macros.h */,
				87085DE21F85DC8B009065C8 /* SUImageManager.h */,
				87085DE31F85DC8B009065C8 /* SUImageManager.m */,
				872D10D11F925BA300A293FA /* TransitionManager.h */,
				872D10D21F925BA300A293FA /* TransitionManager.m */,
				872D10D41F9261D600A293FA /* Animator.h */,
				872D10D51F9261D600A293FA /* Animator.m */,
			);
			path = Helper;
			sourceTree = "<group>";
		};
		8793B2C21F94EDDC006DDC24 /* Ads */ = {
			isa = PBXGroup;
			children = (
				8793B2C31F94EE14006DDC24 /* AdVC.h */,
				8793B2C41F94EE14006DDC24 /* AdVC.m */,
			);
			path = Ads;
			sourceTree = "<group>";
		};
/* End PBXGroup section */

/* Begin PBXNativeTarget section */
		87085DA01F7DC61B009065C8 /* ReactiveCocoaProj */ = {
			isa = PBXNativeTarget;
			buildConfigurationList = 87085DB81F7DC61B009065C8 /* Build configuration list for PBXNativeTarget "ReactiveCocoaProj" */;
			buildPhases = (
				5215DFBE1DC4873B30D6538C /* [CP] Check Pods Manifest.lock */,
				87085D9D1F7DC61B009065C8 /* Sources */,
				87085D9E1F7DC61B009065C8 /* Frameworks */,
				87085D9F1F7DC61B009065C8 /* Resources */,
				B365C5A237D744422C271B7B /* [CP] Embed Pods Frameworks */,
				3786B77B98FF39EEAE14E813 /* [CP] Copy Pods Resources */,
			);
			buildRules = (
			);
			dependencies = (
			);
			name = ReactiveCocoaProj;
			productName = ReactiveCocoaProj;
			productReference = 87085DA11F7DC61B009065C8 /* ReactiveCocoaProj.app */;
			productType = "com.apple.product-type.application";
		};
/* End PBXNativeTarget section */

/* Begin PBXProject section */
		87085D991F7DC61B009065C8 /* Project object */ = {
			isa = PBXProject;
			attributes = {
				LastUpgradeCheck = 0900;
				ORGANIZATIONNAME = sevenuncle;
				TargetAttributes = {
					87085DA01F7DC61B009065C8 = {
						CreatedOnToolsVersion = 8.3.2;
						DevelopmentTeam = 398K388263;
						ProvisioningStyle = Automatic;
					};
				};
			};
			buildConfigurationList = 87085D9C1F7DC61B009065C8 /* Build configuration list for PBXProject "ReactiveCocoaProj" */;
			compatibilityVersion = "Xcode 3.2";
			developmentRegion = English;
			hasScannedForEncodings = 0;
			knownRegions = (
				en,
				Base,
			);
			mainGroup = 87085D981F7DC61B009065C8;
			productRefGroup = 87085DA21F7DC61B009065C8 /* Products */;
			projectDirPath = "";
			projectRoot = "";
			targets = (
				87085DA01F7DC61B009065C8 /* ReactiveCocoaProj */,
			);
		};
/* End PBXProject section */

/* Begin PBXResourcesBuildPhase section */
		87085D9F1F7DC61B009065C8 /* Resources */ = {
			isa = PBXResourcesBuildPhase;
			buildActionMask = 2147483647;
			files = (
				872D10DF1F94DFE800A293FA /* cover2.jpg in Resources */,
				872D10E51F94E3FB00A293FA /* 640_1136.jpeg in Resources */,
				87085DB41F7DC61B009065C8 /* LaunchScreen.storyboard in Resources */,
				872D10E11F94E0E000A293FA /* 750_1334.jpg in Resources */,
				87085DB11F7DC61B009065C8 /* Assets.xcassets in Resources */,
				8793B2C91F94F438006DDC24 /* jhht.jpg in Resources */,
				872D10DD1F94DC7F00A293FA /* Images.xcassets in Resources */,
				87085DAF1F7DC61B009065C8 /* Main.storyboard in Resources */,
				872D10D81F94D7C600A293FA /* cover.jpg in Resources */,
				8793B2C71F94F234006DDC24 /* LaunchImage.png in Resources */,
				87DD38001F9208A80006C289 /* generic_img.png in Resources */,
				87DD38021F92150B0006C289 /* image.png in Resources */,
				872D10E31F94E14D00A293FA /* 1242_2208.jpg in Resources */,
			);
			runOnlyForDeploymentPostprocessing = 0;
		};
/* End PBXResourcesBuildPhase section */

/* Begin PBXShellScriptBuildPhase section */
		3786B77B98FF39EEAE14E813 /* [CP] Copy Pods Resources */ = {
			isa = PBXShellScriptBuildPhase;
			buildActionMask = 2147483647;
			files = (
			);
			inputPaths = (
			);
			name = "[CP] Copy Pods Resources";
			outputPaths = (
			);
			runOnlyForDeploymentPostprocessing = 0;
			shellPath = /bin/sh;
			shellScript = "\"${SRCROOT}/Pods/Target Support Files/Pods-ReactiveCocoaProj/Pods-ReactiveCocoaProj-resources.sh\"\n";
			showEnvVarsInLog = 0;
		};
		5215DFBE1DC4873B30D6538C /* [CP] Check Pods Manifest.lock */ = {
			isa = PBXShellScriptBuildPhase;
			buildActionMask = 2147483647;
			files = (
			);
			inputPaths = (
			);
			name = "[CP] Check Pods Manifest.lock";
			outputPaths = (
			);
			runOnlyForDeploymentPostprocessing = 0;
			shellPath = /bin/sh;
			shellScript = "diff \"${PODS_PODFILE_DIR_PATH}/Podfile.lock\" \"${PODS_ROOT}/Manifest.lock\" > /dev/null\nif [ $? != 0 ] ; then\n    # print error to STDERR\n    echo \"error: The sandbox is not in sync with the Podfile.lock. Run 'pod install' or update your CocoaPods installation.\" >&2\n    exit 1\nfi\n";
			showEnvVarsInLog = 0;
		};
		B365C5A237D744422C271B7B /* [CP] Embed Pods Frameworks */ = {
			isa = PBXShellScriptBuildPhase;
			buildActionMask = 2147483647;
			files = (
			);
			inputPaths = (
			);
			name = "[CP] Embed Pods Frameworks";
			outputPaths = (
			);
			runOnlyForDeploymentPostprocessing = 0;
			shellPath = /bin/sh;
			shellScript = "\"${SRCROOT}/Pods/Target Support Files/Pods-ReactiveCocoaProj/Pods-ReactiveCocoaProj-frameworks.sh\"\n";
			showEnvVarsInLog = 0;
		};
/* End PBXShellScriptBuildPhase section */

/* Begin PBXSourcesBuildPhase section */
		87085D9D1F7DC61B009065C8 /* Sources */ = {
			isa = PBXSourcesBuildPhase;
			buildActionMask = 2147483647;
			files = (
				8793B2CC1F95810C006DDC24 /* MusicVC.m in Sources */,
				872D10D61F9261D600A293FA /* Animator.m in Sources */,
				87085DD71F7F1D91009065C8 /* SUTableViewCell.m in Sources */,
				8793B2D51F95820E006DDC24 /* SUCollectionViewCell.m in Sources */,
				87085DD41F7F1B45009065C8 /* SUGoHorseLampViewModel.m in Sources */,
				87DD37FA1F9200020006C289 /* UIImage+Size.m in Sources */,
				8793B2CF1F95811D006DDC24 /* VideoVC.m in Sources */,
				87085DCE1F7F1A17009065C8 /* SUItem.m in Sources */,
				872D10D31F925BA300A293FA /* TransitionManager.m in Sources */,
				87085DAC1F7DC61B009065C8 /* ViewController.m in Sources */,
				87085DE01F85DC02009065C8 /* SUGoodsItem.m in Sources */,
				87085DDD1F85C7CE009065C8 /* SUCommodityItem.m in Sources */,
				87085DC81F7F1981009065C8 /* NavigationController.m in Sources */,
				8793B2D21F95812F006DDC24 /* RadioVC.m in Sources */,
				87085DCB1F7F19B6009065C8 /* SUHomeVC.m in Sources */,
				87EF34CC1F96D26900B913F1 /* Layout.m in Sources */,
				87085DEA1F866E99009065C8 /* SUGoHorseLampCell.m in Sources */,
				87085DA91F7DC61B009065C8 /* AppDelegate.m in Sources */,
				87085DE41F85DC8B009065C8 /* SUImageManager.m in Sources */,
				87085DD11F7F1AA7009065C8 /* SUGoHorseLampView.m in Sources */,
				8793B2C51F94EE14006DDC24 /* AdVC.m in Sources */,
				87085DA61F7DC61B009065C8 /* main.m in Sources */,
			);
			runOnlyForDeploymentPostprocessing = 0;
		};
/* End PBXSourcesBuildPhase section */

/* Begin PBXVariantGroup section */
		87085DAD1F7DC61B009065C8 /* Main.storyboard */ = {
			isa = PBXVariantGroup;
			children = (
				87085DAE1F7DC61B009065C8 /* Base */,
			);
			name = Main.storyboard;
			sourceTree = "<group>";
		};
		87085DB21F7DC61B009065C8 /* LaunchScreen.storyboard */ = {
			isa = PBXVariantGroup;
			children = (
				87085DB31F7DC61B009065C8 /* Base */,
			);
			name = LaunchScreen.storyboard;
			sourceTree = "<group>";
		};
/* End PBXVariantGroup section */

/* Begin XCBuildConfiguration section */
		87085DB61F7DC61B009065C8 /* Debug */ = {
			isa = XCBuildConfiguration;
			buildSettings = {
				ALWAYS_SEARCH_USER_PATHS = NO;
				CLANG_ANALYZER_NONNULL = YES;
				CLANG_ANALYZER_NUMBER_OBJECT_CONVERSION = YES_AGGRESSIVE;
				CLANG_CXX_LANGUAGE_STANDARD = "gnu++0x";
				CLANG_CXX_LIBRARY = "libc++";
				CLANG_ENABLE_MODULES = YES;
				CLANG_ENABLE_OBJC_ARC = YES;
				CLANG_WARN_BLOCK_CAPTURE_AUTORELEASING = YES;
				CLANG_WARN_BOOL_CONVERSION = YES;
				CLANG_WARN_COMMA = YES;
				CLANG_WARN_CONSTANT_CONVERSION = YES;
				CLANG_WARN_DIRECT_OBJC_ISA_USAGE = YES_ERROR;
				CLANG_WARN_DOCUMENTATION_COMMENTS = YES;
				CLANG_WARN_EMPTY_BODY = YES;
				CLANG_WARN_ENUM_CONVERSION = YES;
				CLANG_WARN_INFINITE_RECURSION = YES;
				CLANG_WARN_INT_CONVERSION = YES;
				CLANG_WARN_NON_LITERAL_NULL_CONVERSION = YES;
				CLANG_WARN_OBJC_LITERAL_CONVERSION = YES;
				CLANG_WARN_OBJC_ROOT_CLASS = YES_ERROR;
				CLANG_WARN_RANGE_LOOP_ANALYSIS = YES;
				CLANG_WARN_STRICT_PROTOTYPES = YES;
				CLANG_WARN_SUSPICIOUS_MOVE = YES;
				CLANG_WARN_UNREACHABLE_CODE = YES;
				CLANG_WARN__DUPLICATE_METHOD_MATCH = YES;
				"CODE_SIGN_IDENTITY[sdk=iphoneos*]" = "iPhone Developer";
				COPY_PHASE_STRIP = NO;
				DEBUG_INFORMATION_FORMAT = dwarf;
				ENABLE_STRICT_OBJC_MSGSEND = YES;
				ENABLE_TESTABILITY = YES;
				GCC_C_LANGUAGE_STANDARD = gnu99;
				GCC_DYNAMIC_NO_PIC = NO;
				GCC_NO_COMMON_BLOCKS = YES;
				GCC_OPTIMIZATION_LEVEL = 0;
				GCC_PREPROCESSOR_DEFINITIONS = (
					"DEBUG=1",
					"$(inherited)",
				);
				GCC_WARN_64_TO_32_BIT_CONVERSION = YES;
				GCC_WARN_ABOUT_RETURN_TYPE = YES_ERROR;
				GCC_WARN_UNDECLARED_SELECTOR = YES;
				GCC_WARN_UNINITIALIZED_AUTOS = YES_AGGRESSIVE;
				GCC_WARN_UNUSED_FUNCTION = YES;
				GCC_WARN_UNUSED_VARIABLE = YES;
				IPHONEOS_DEPLOYMENT_TARGET = 10.3;
				MTL_ENABLE_DEBUG_INFO = YES;
				ONLY_ACTIVE_ARCH = YES;
				SDKROOT = iphoneos;
				TARGETED_DEVICE_FAMILY = "1,2";
			};
			name = Debug;
		};
		87085DB71F7DC61B009065C8 /* Release */ = {
			isa = XCBuildConfiguration;
			buildSettings = {
				ALWAYS_SEARCH_USER_PATHS = NO;
				CLANG_ANALYZER_NONNULL = YES;
				CLANG_ANALYZER_NUMBER_OBJECT_CONVERSION = YES_AGGRESSIVE;
				CLANG_CXX_LANGUAGE_STANDARD = "gnu++0x";
				CLANG_CXX_LIBRARY = "libc++";
				CLANG_ENABLE_MODULES = YES;
				CLANG_ENABLE_OBJC_ARC = YES;
				CLANG_WARN_BLOCK_CAPTURE_AUTORELEASING = YES;
				CLANG_WARN_BOOL_CONVERSION = YES;
				CLANG_WARN_COMMA = YES;
				CLANG_WARN_CONSTANT_CONVERSION = YES;
				CLANG_WARN_DIRECT_OBJC_ISA_USAGE = YES_ERROR;
				CLANG_WARN_DOCUMENTATION_COMMENTS = YES;
				CLANG_WARN_EMPTY_BODY = YES;
				CLANG_WARN_ENUM_CONVERSION = YES;
				CLANG_WARN_INFINITE_RECURSION = YES;
				CLANG_WARN_INT_CONVERSION = YES;
				CLANG_WARN_NON_LITERAL_NULL_CONVERSION = YES;
				CLANG_WARN_OBJC_LITERAL_CONVERSION = YES;
				CLANG_WARN_OBJC_ROOT_CLASS = YES_ERROR;
				CLANG_WARN_RANGE_LOOP_ANALYSIS = YES;
				CLANG_WARN_STRICT_PROTOTYPES = YES;
				CLANG_WARN_SUSPICIOUS_MOVE = YES;
				CLANG_WARN_UNREACHABLE_CODE = YES;
				CLANG_WARN__DUPLICATE_METHOD_MATCH = YES;
				"CODE_SIGN_IDENTITY[sdk=iphoneos*]" = "iPhone Developer";
				COPY_PHASE_STRIP = NO;
				DEBUG_INFORMATION_FORMAT = "dwarf-with-dsym";
				ENABLE_NS_ASSERTIONS = NO;
				ENABLE_STRICT_OBJC_MSGSEND = YES;
				GCC_C_LANGUAGE_STANDARD = gnu99;
				GCC_NO_COMMON_BLOCKS = YES;
				GCC_WARN_64_TO_32_BIT_CONVERSION = YES;
				GCC_WARN_ABOUT_RETURN_TYPE = YES_ERROR;
				GCC_WARN_UNDECLARED_SELECTOR = YES;
				GCC_WARN_UNINITIALIZED_AUTOS = YES_AGGRESSIVE;
				GCC_WARN_UNUSED_FUNCTION = YES;
				GCC_WARN_UNUSED_VARIABLE = YES;
				IPHONEOS_DEPLOYMENT_TARGET = 10.3;
				MTL_ENABLE_DEBUG_INFO = NO;
				SDKROOT = iphoneos;
				TARGETED_DEVICE_FAMILY = "1,2";
				VALIDATE_PRODUCT = YES;
			};
			name = Release;
		};
		87085DB91F7DC61B009065C8 /* Debug */ = {
			isa = XCBuildConfiguration;
			baseConfigurationReference = B5463F38F7745AAB909399B3 /* Pods-ReactiveCocoaProj.debug.xcconfig */;
			buildSettings = {
				ASSETCATALOG_COMPILER_APPICON_NAME = AppIcon;
				ASSETCATALOG_COMPILER_LAUNCHIMAGE_NAME = LaunchImage;
				CLANG_WARN_STRICT_PROTOTYPES = NO;
				"CODE_SIGN_IDENTITY[sdk=iphoneos*]" = "iPhone Developer";
				CODE_SIGN_STYLE = Automatic;
				DEVELOPMENT_TEAM = 398K388263;
				FRAMEWORK_SEARCH_PATHS = (
					"$(inherited)",
					"$(PROJECT_DIR)/build/Debug-iphoneos/ReactiveCocoa",
				);
				INFOPLIST_FILE = ReactiveCocoaProj/Info.plist;
				LD_RUNPATH_SEARCH_PATHS = "$(inherited) @executable_path/Frameworks";
				PRODUCT_BUNDLE_IDENTIFIER = com.netease.vcloud.fh8160;
				PRODUCT_NAME = "$(TARGET_NAME)";
				PROVISIONING_PROFILE_SPECIFIER = "";
			};
			name = Debug;
		};
		87085DBA1F7DC61B009065C8 /* Release */ = {
			isa = XCBuildConfiguration;
			baseConfigurationReference = 8C5B51C6115F848A5FB3EF13 /* Pods-ReactiveCocoaProj.release.xcconfig */;
			buildSettings = {
				ASSETCATALOG_COMPILER_APPICON_NAME = AppIcon;
				ASSETCATALOG_COMPILER_LAUNCHIMAGE_NAME = LaunchImage;
				CLANG_WARN_STRICT_PROTOTYPES = NO;
				"CODE_SIGN_IDENTITY[sdk=iphoneos*]" = "iPhone Developer";
				CODE_SIGN_STYLE = Automatic;
				DEVELOPMENT_TEAM = 398K388263;
				FRAMEWORK_SEARCH_PATHS = (
					"$(inherited)",
					"$(PROJECT_DIR)/build/Debug-iphoneos/ReactiveCocoa",
				);
				INFOPLIST_FILE = ReactiveCocoaProj/Info.plist;
				LD_RUNPATH_SEARCH_PATHS = "$(inherited) @executable_path/Frameworks";
				PRODUCT_BUNDLE_IDENTIFIER = com.netease.vcloud.fh8160;
				PRODUCT_NAME = "$(TARGET_NAME)";
				PROVISIONING_PROFILE_SPECIFIER = "";
			};
			name = Release;
		};
/* End XCBuildConfiguration section */

/* Begin XCConfigurationList section */
		87085D9C1F7DC61B009065C8 /* Build configuration list for PBXProject "ReactiveCocoaProj" */ = {
			isa = XCConfigurationList;
			buildConfigurations = (
				87085DB61F7DC61B009065C8 /* Debug */,
				87085DB71F7DC61B009065C8 /* Release */,
			);
			defaultConfigurationIsVisible = 0;
			defaultConfigurationName = Release;
		};
		87085DB81F7DC61B009065C8 /* Build configuration list for PBXNativeTarget "ReactiveCocoaProj" */ = {
			isa = XCConfigurationList;
			buildConfigurations = (
				87085DB91F7DC61B009065C8 /* Debug */,
				87085DBA1F7DC61B009065C8 /* Release */,
			);
			defaultConfigurationIsVisible = 0;
			defaultConfigurationName = Release;
		};
/* End XCConfigurationList section */
	};
	rootObject = 87085D991F7DC61B009065C8 /* Project object */;
}
